Microsoft Visual Studio Solution File, Format Version 12.00
# Visual Studio Version 17
VisualStudioVersion = 17.5.2.0
MinimumVisualStudioVersion = 10.0.40219.1
Project("{FAE04EC0-301F-11D3-BF4B-00C04F79EFBC}") = "4-connect", "4-connect.csproj", "{EA718283-3985-4EDE-D766-EFED5C004181}"
EndProject
Global
	GlobalSection(SolutionConfigurationPlatforms) = preSolution
		Debug|Any CPU = Debug|Any CPU
		Release|Any CPU = Release|Any CPU
	EndGlobalSection
	GlobalSection(ProjectConfigurationPlatforms) = postSolution
		{EA718283-3985-4EDE-D766-EFED5C004181}.Debug|Any CPU.ActiveCfg = Debug|Any CPU
		{EA718283-3985-4EDE-D766-EFED5C004181}.Debug|Any CPU.Build.0 = Debug|Any CPU
		{EA718283-3985-4EDE-D766-EFED5C004181}.Release|Any CPU.ActiveCfg = Release|Any CPU
		{EA718283-3985-4EDE-D766-EFED5C004181}.Release|Any CPU.Build.0 = Release|Any CPU
	EndGlobalSection
	GlobalSection(SolutionProperties) = preSolution
		HideSolutionNode = FALSE
	EndGlobalSection
	GlobalSection(ExtensibilityGlobals) = postSolution
		SolutionGuid = {54D366BE-E6E3-455E-89D1-F81177E2C1DC}
	EndGlobalSection
EndGlobal
